
Microsoft Visual Studio Solution File, Format Version 12.00
# Visual Studio Version 17
VisualStudioVersion = 17.5.002.0
MinimumVisualStudioVersion = 10.0.40219.1
Project("{9A19103F-16F7-4668-BE54-9A1E7A4F7556}") = "Locafi", "Locafi.csproj", "{77ACAB92-A4E7-4D74-984F-01731BD36680}"
EndProject
Global
	GlobalSection(SolutionConfigurationPlatforms) = preSolution
		Debug|Any CPU = Debug|Any CPU
		Release|Any CPU = Release|Any CPU
	EndGlobalSection
	GlobalSection(ProjectConfigurationPlatforms) = postSolution
		{77ACAB92-A4E7-4D74-984F-01731BD36680}.Debug|Any CPU.ActiveCfg = Debug|Any CPU
		{77ACAB92-A4E7-4D74-984F-01731BD36680}.Debug|Any CPU.Build.0 = Debug|Any CPU
		{77ACAB92-A4E7-4D74-984F-01731BD36680}.Release|Any CPU.ActiveCfg = Release|Any CPU
		{77ACAB92-A4E7-4D74-984F-01731BD36680}.Release|Any CPU.Build.0 = Release|Any CPU
	EndGlobalSection
	GlobalSection(SolutionProperties) = preSolution
		HideSolutionNode = FALSE
	EndGlobalSection
	GlobalSection(ExtensibilityGlobals) = postSolution
		SolutionGuid = {0E1532C6-1256-44DC-B068-5A0F295B20A9}
	EndGlobalSection
EndGlobal
